// !$*UTF8*$!
{
	archiveVersion = 1;
	classes = {
	};
	objectVersion = 46;
	objects = {

/* Begin PBXBuildFile section */
		4CFD41C31F65998300E7B487 /* main.m in Sources */ = {isa = PBXBuildFile; fileRef = 4CFD41C21F65998300E7B487 /* main.m */; };
		4CFD41C61F65998300E7B487 /* AppDelegate.m in Sources */ = {isa = PBXBuildFile; fileRef = 4CFD41C51F65998300E7B487 /* AppDelegate.m */; };
		4CFD41C91F65998300E7B487 /* ViewController.m in Sources */ = {isa = PBXBuildFile; fileRef = 4CFD41C81F65998300E7B487 /* ViewController.m */; };
		4CFD41CC1F65998300E7B487 /* Main.storyboard in Resources */ = {isa = PBXBuildFile; fileRef = 4CFD41CA1F65998300E7B487 /* Main.storyboard */; };
		4CFD41CE1F65998300E7B487 /* Assets.xcassets in Resources */ = {isa = PBXBuildFile; fileRef = 4CFD41CD1F65998300E7B487 /* Assets.xcassets */; };
		4CFD41D11F65998300E7B487 /* LaunchScreen.storyboard in Resources */ = {isa = PBXBuildFile; fileRef = 4CFD41CF1F65998300E7B487 /* LaunchScreen.storyboard */; };
		4CFD41DD1F65998E00E7B487 /* Metaball.m in Sources */ = {isa = PBXBuildFile; fileRef = 4CFD41DA1F65998E00E7B487 /* Metaball.m */; };
		4CFD41DE1F65998E00E7B487 /* MetaballUIView.m in Sources */ = {isa = PBXBuildFile; fileRef = 4CFD41DC1F65998E00E7B487 /* MetaballUIView.m */; };
		4CFD41E11F659A0200E7B487 /* GLKit.framework in Frameworks */ = {isa = PBXBuildFile; fileRef = 4CFD41E01F659A0200E7B487 /* GLKit.framework */; };
		4CFD41E31F659A0700E7B487 /* CoreGraphics.framework in Frameworks */ = {isa = PBXBuildFile; fileRef = 4CFD41E21F659A0700E7B487 /* CoreGraphics.framework */; };
/* End PBXBuildFile section */

/* Begin PBXFileReference section */
		4CFD41BE1F65998300E7B487 /* MetaBallDemo.app */ = {isa = PBXFileReference; explicitFileType = wrapper.application; includeInIndex = 0; path = MetaBallDemo.app; sourceTree = BUILT_PRODUCTS_DIR; };
		4CFD41C21F65998300E7B487 /* main.m */ = {isa = PBXFileReference; lastKnownFileType = sourcecode.c.objc; path = main.m; sourceTree = "<group>"; };
		4CFD41C41F65998300E7B487 /* AppDelegate.h */ = {isa = PBXFileReference; lastKnownFileType = sourcecode.c.h; path = AppDelegate.h; sourceTree = "<group>"; };
		4CFD41C51F65998300E7B487 /* AppDelegate.m */ = {isa = PBXFileReference; lastKnownFileType = sourcecode.c.objc; path = AppDelegate.m; sourceTree = "<group>"; };
		4CFD41C71F65998300E7B487 /* ViewController.h */ = {isa = PBXFileReference; lastKnownFileType = sourcecode.c.h; path = ViewController.h; sourceTree = "<group>"; };
		4CFD41C81F65998300E7B487 /* ViewController.m */ = {isa = PBXFileReference; lastKnownFileType = sourcecode.c.objc; path = ViewController.m; sourceTree = "<group>"; };
		4CFD41CB1F65998300E7B487 /* Base */ = {isa = PBXFileReference; lastKnownFileType = file.storyboard; name = Base; path = Base.lproj/Main.storyboard; sourceTree = "<group>"; };
		4CFD41CD1F65998300E7B487 /* Assets.xcassets */ = {isa = PBXFileReference; lastKnownFileType = folder.assetcatalog; path = Assets.xcassets; sourceTree = "<group>"; };
		4CFD41D01F65998300E7B487 /* Base */ = {isa = PBXFileReference; lastKnownFileType = file.storyboard; name = Base; path = Base.lproj/LaunchScreen.storyboard; sourceTree = "<group>"; };
		4CFD41D21F65998300E7B487 /* Info.plist */ = {isa = PBXFileReference; lastKnownFileType = text.plist.xml; path = Info.plist; sourceTree = "<group>"; };
		4CFD41D91F65998E00E7B487 /* Metaball.h */ = {isa = PBXFileReference; fileEncoding = 4; lastKnownFileType = sourcecode.c.h; path = Metaball.h; sourceTree = "<group>"; };
		4CFD41DA1F65998E00E7B487 /* Metaball.m */ = {isa = PBXFileReference; fileEncoding = 4; lastKnownFileType = sourcecode.c.objc; path = Metaball.m; sourceTree = "<group>"; };
		4CFD41DB1F65998E00E7B487 /* MetaballUIView.h */ = {isa = PBXFileReference; fileEncoding = 4; lastKnownFileType = sourcecode.c.h; path = MetaballUIView.h; sourceTree = "<group>"; };
		4CFD41DC1F65998E00E7B487 /* MetaballUIView.m */ = {isa = PBXFileReference; fileEncoding = 4; lastKnownFileType = sourcecode.c.objc; path = MetaballUIView.m; sourceTree = "<group>"; };
		4CFD41E01F659A0200E7B487 /* GLKit.framework */ = {isa = PBXFileReference; lastKnownFileType = wrapper.framework; name = GLKit.framework; path = System/Library/Frameworks/GLKit.framework; sourceTree = SDKROOT; };
		4CFD41E21F659A0700E7B487 /* CoreGraphics.framework */ = {isa = PBXFileReference; lastKnownFileType = wrapper.framework; name = CoreGraphics.framework; path = System/Library/Frameworks/CoreGraphics.framework; sourceTree = SDKROOT; };
/* End PBXFileReference section */

/* Begin PBXFrameworksBuildPhase section */
		4CFD41BB1F65998300E7B487 /* Frameworks */ = {
			isa = PBXFrameworksBuildPhase;
			buildActionMask = 2147483647;
			files = (
				4CFD41E31F659A0700E7B487 /* CoreGraphics.framework in Frameworks */,
				4CFD41E11F659A0200E7B487 /* GLKit.framework in Frameworks */,
			);
			runOnlyForDeploymentPostprocessing = 0;
		};
/* End PBXFrameworksBuildPhase section */

/* Begin PBXGroup section */
		4CFD41B51F65998300E7B487 = {
			isa = PBXGroup;
			children = (
				4CFD41C01F65998300E7B487 /* MetaBallDemo */,
				4CFD41BF1F65998300E7B487 /* Products */,
				4CFD41DF1F659A0100E7B487 /* Frameworks */,
			);
			sourceTree = "<group>";
		};
		4CFD41BF1F65998300E7B487 /* Products */ = {
			isa = PBXGroup;
			children = (
				4CFD41BE1F65998300E7B487 /* MetaBallDemo.app */,
			);
			name = Products;
			sourceTree = "<group>";
		};
		4CFD41C01F65998300E7B487 /* MetaBallDemo */ = {
			isa = PBXGroup;
			children = (
				4CFD41C41F65998300E7B487 /* AppDelegate.h */,
				4CFD41C51F65998300E7B487 /* AppDelegate.m */,
				4CFD41C71F65998300E7B487 /* ViewController.h */,
				4CFD41C81F65998300E7B487 /* ViewController.m */,
				4CFD41D81F65998E00E7B487 /* MetaballSystem */,
				4CFD41CA1F65998300E7B487 /* Main.storyboard */,
				4CFD41CD1F65998300E7B487 /* Assets.xcassets */,
				4CFD41CF1F65998300E7B487 /* LaunchScreen.storyboard */,
				4CFD41D21F65998300E7B487 /* Info.plist */,
				4CFD41C11F65998300E7B487 /* Supporting Files */,
			);
			path = MetaBallDemo;
			sourceTree = "<group>";
		};
		4CFD41C11F65998300E7B487 /* Supporting Files */ = {
			isa = PBXGroup;
			children = (
				4CFD41C21F65998300E7B487 /* main.m */,
			);
			name = "Supporting Files";
			sourceTree = "<group>";
		};
		4CFD41D81F65998E00E7B487 /* MetaballSystem */ = {
			isa = PBXGroup;
			children = (
				4CFD41D91F65998E00E7B487 /* Metaball.h */,
				4CFD41DA1F65998E00E7B487 /* Metaball.m */,
				4CFD41DB1F65998E00E7B487 /* MetaballUIView.h */,
				4CFD41DC1F65998E00E7B487 /* MetaballUIView.m */,
			);
			path = MetaballSystem;
			sourceTree = "<group>";
		};
		4CFD41DF1F659A0100E7B487 /* Frameworks */ = {
			isa = PBXGroup;
			children = (
				4CFD41E21F659A0700E7B487 /* CoreGraphics.framework */,
				4CFD41E01F659A0200E7B487 /* GLKit.framework */,
			);
			name = Frameworks;
			sourceTree = "<group>";
		};
/* End PBXGroup section */

/* Begin PBXNativeTarget section */
		4CFD41BD1F65998300E7B487 /* MetaBallDemo */ = {
			isa = PBXNativeTarget;
			buildConfigurationList = 4CFD41D51F65998300E7B487 /* Build configuration list for PBXNativeTarget "MetaBallDemo" */;
			buildPhases = (
				4CFD41BA1F65998300E7B487 /* Sources */,
				4CFD41BB1F65998300E7B487 /* Frameworks */,
				4CFD41BC1F65998300E7B487 /* Resources */,
			);
			buildRules = (
			);
			dependencies = (
			);
			name = MetaBallDemo;
			productName = MetaBallDemo;
			productReference = 4CFD41BE1F65998300E7B487 /* MetaBallDemo.app */;
			productType = "com.apple.product-type.application";
		};
/* End PBXNativeTarget section */

/* Begin PBXProject section */
		4CFD41B61F65998300E7B487 /* Project object */ = {
			isa = PBXProject;
			attributes = {
				LastUpgradeCheck = 0830;
				ORGANIZATIONNAME = IJW.Product;
				TargetAttributes = {
					4CFD41BD1F65998300E7B487 = {
						CreatedOnToolsVersion = 8.3.3;
						ProvisioningStyle = Automatic;
					};
				};
			};
			buildConfigurationList = 4CFD41B91F65998300E7B487 /* Build configuration list for PBXProject "MetaBallDemo" */;
			compatibilityVersion = "Xcode 3.2";
			developmentRegion = English;
			hasScannedForEncodings = 0;
			knownRegions = (
				en,
				Base,
			);
			mainGroup = 4CFD41B51F65998300E7B487;
			productRefGroup = 4CFD41BF1F65998300E7B487 /* Products */;
			projectDirPath = "";
			projectRoot = "";
			targets = (
				4CFD41BD1F65998300E7B487 /* MetaBallDemo */,
			);
		};
/* End PBXProject section */

/* Begin PBXResourcesBuildPhase section */
		4CFD41BC1F65998300E7B487 /* Resources */ = {
			isa = PBXResourcesBuildPhase;
			buildActionMask = 2147483647;
			files = (
				4CFD41D11F65998300E7B487 /* LaunchScreen.storyboard in Resources */,
				4CFD41CE1F65998300E7B487 /* Assets.xcassets in Resources */,
				4CFD41CC1F65998300E7B487 /* Main.storyboard in Resources */,
			);
			runOnlyForDeploymentPostprocessing = 0;
		};
/* End PBXResourcesBuildPhase section */

/* Begin PBXSourcesBuildPhase section */
		4CFD41BA1F65998300E7B487 /* Sources */ = {
			isa = PBXSourcesBuildPhase;
			buildActionMask = 2147483647;
			files = (
				4CFD41C91F65998300E7B487 /* ViewController.m in Sources */,
				4CFD41C61F65998300E7B487 /* AppDelegate.m in Sources */,
				4CFD41C31F65998300E7B487 /* main.m in Sources */,
				4CFD41DD1F65998E00E7B487 /* Metaball.m in Sources */,
				4CFD41DE1F65998E00E7B487 /* MetaballUIView.m in Sources */,
			);
			runOnlyForDeploymentPostprocessing = 0;
		};
/* End PBXSourcesBuildPhase section */

/* Begin PBXVariantGroup section */
		4CFD41CA1F65998300E7B487 /* Main.storyboard */ = {
			isa = PBXVariantGroup;
			children = (
				4CFD41CB1F65998300E7B487 /* Base */,
			);
			name = Main.storyboard;
			sourceTree = "<group>";
		};
		4CFD41CF1F65998300E7B487 /* LaunchScreen.storyboard */ = {
			isa = PBXVariantGroup;
			children = (
				4CFD41D01F65998300E7B487 /* Base */,
			);
			name = LaunchScreen.storyboard;
			sourceTree = "<group>";
		};
/* End PBXVariantGroup section */

/* Begin XCBuildConfiguration section */
		4CFD41D31F65998300E7B487 /* Debug */ = {
			isa = XCBuildConfiguration;
			buildSettings = {
				ALWAYS_SEARCH_USER_PATHS = NO;
				CLANG_ANALYZER_NONNULL = YES;
				CLANG_ANALYZER_NUMBER_OBJECT_CONVERSION = YES_AGGRESSIVE;
				CLANG_CXX_LANGUAGE_STANDARD = "gnu++0x";
				CLANG_CXX_LIBRARY = "libc++";
				CLANG_ENABLE_MODULES = YES;
				CLANG_ENABLE_OBJC_ARC = YES;
				CLANG_WARN_BOOL_CONVERSION = YES;
				CLANG_WARN_CONSTANT_CONVERSION = YES;
				CLANG_WARN_DIRECT_OBJC_ISA_USAGE = YES_ERROR;
				CLANG_WARN_DOCUMENTATION_COMMENTS = YES;
				CLANG_WARN_EMPTY_BODY = YES;
				CLANG_WARN_ENUM_CONVERSION = YES;
				CLANG_WARN_INFINITE_RECURSION = YES;
				CLANG_WARN_INT_CONVERSION = YES;
				CLANG_WARN_OBJC_ROOT_CLASS = YES_ERROR;
				CLANG_WARN_SUSPICIOUS_MOVE = YES;
				CLANG_WARN_UNREACHABLE_CODE = YES;
				CLANG_WARN__DUPLICATE_METHOD_MATCH = YES;
				"CODE_SIGN_IDENTITY[sdk=iphoneos*]" = "iPhone Developer";
				COPY_PHASE_STRIP = NO;
				DEBUG_INFORMATION_FORMAT = dwarf;
				ENABLE_STRICT_OBJC_MSGSEND = YES;
				ENABLE_TESTABILITY = YES;
				GCC_C_LANGUAGE_STANDARD = gnu99;
				GCC_DYNAMIC_NO_PIC = NO;
				GCC_NO_COMMON_BLOCKS = YES;
				GCC_OPTIMIZATION_LEVEL = 0;
				GCC_PREPROCESSOR_DEFINITIONS = (
					"DEBUG=1",
					"$(inherited)",
				);
				GCC_WARN_64_TO_32_BIT_CONVERSION = YES;
				GCC_WARN_ABOUT_RETURN_TYPE = YES_ERROR;
				GCC_WARN_UNDECLARED_SELECTOR = YES;
				GCC_WARN_UNINITIALIZED_AUTOS = YES_AGGRESSIVE;
				GCC_WARN_UNUSED_FUNCTION = YES;
				GCC_WARN_UNUSED_VARIABLE = YES;
				IPHONEOS_DEPLOYMENT_TARGET = 10.3;
				MTL_ENABLE_DEBUG_INFO = YES;
				ONLY_ACTIVE_ARCH = YES;
				SDKROOT = iphoneos;
				TARGETED_DEVICE_FAMILY = "1,2";
			};
			name = Debug;
		};
		4CFD41D41F65998300E7B487 /* Release */ = {
			isa = XCBuildConfiguration;
			buildSettings = {
				ALWAYS_SEARCH_USER_PATHS = NO;
				CLANG_ANALYZER_NONNULL = YES;
				CLANG_ANALYZER_NUMBER_OBJECT_CONVERSION = YES_AGGRESSIVE;
				CLANG_CXX_LANGUAGE_STANDARD = "gnu++0x";
				CLANG_CXX_LIBRARY = "libc++";
				CLANG_ENABLE_MODULES = YES;
				CLANG_ENABLE_OBJC_ARC = YES;
				CLANG_WARN_BOOL_CONVERSION = YES;
				CLANG_WARN_CONSTANT_CONVERSION = YES;
				CLANG_WARN_DIRECT_OBJC_ISA_USAGE = YES_ERROR;
				CLANG_WARN_DOCUMENTATION_COMMENTS = YES;
				CLANG_WARN_EMPTY_BODY = YES;
				CLANG_WARN_ENUM_CONVERSION = YES;
				CLANG_WARN_INFINITE_RECURSION = YES;
				CLANG_WARN_INT_CONVERSION = YES;
				CLANG_WARN_OBJC_ROOT_CLASS = YES_ERROR;
				CLANG_WARN_SUSPICIOUS_MOVE = YES;
				CLANG_WARN_UNREACHABLE_CODE = YES;
				CLANG_WARN__DUPLICATE_METHOD_MATCH = YES;
				"CODE_SIGN_IDENTITY[sdk=iphoneos*]" = "iPhone Developer";
				COPY_PHASE_STRIP = NO;
				DEBUG_INFORMATION_FORMAT = "dwarf-with-dsym";
				ENABLE_NS_ASSERTIONS = NO;
				ENABLE_STRICT_OBJC_MSGSEND = YES;
				GCC_C_LANGUAGE_STANDARD = gnu99;
				GCC_NO_COMMON_BLOCKS = YES;
				GCC_WARN_64_TO_32_BIT_CONVERSION = YES;
				GCC_WARN_ABOUT_RETURN_TYPE = YES_ERROR;
				GCC_WARN_UNDECLARED_SELECTOR = YES;
				GCC_WARN_UNINITIALIZED_AUTOS = YES_AGGRESSIVE;
				GCC_WARN_UNUSED_FUNCTION = YES;
				GCC_WARN_UNUSED_VARIABLE = YES;
				IPHONEOS_DEPLOYMENT_TARGET = 10.3;
				MTL_ENABLE_DEBUG_INFO = NO;
				SDKROOT = iphoneos;
				TARGETED_DEVICE_FAMILY = "1,2";
				VALIDATE_PRODUCT = YES;
			};
			name = Release;
		};
		4CFD41D61F65998300E7B487 /* Debug */ = {
			isa = XCBuildConfiguration;
			buildSettings = {
				ASSETCATALOG_COMPILER_APPICON_NAME = AppIcon;
				INFOPLIST_FILE = MetaBallDemo/Info.plist;
				LD_RUNPATH_SEARCH_PATHS = "$(inherited) @executable_path/Frameworks";
				PRODUCT_BUNDLE_IDENTIFIER = com.icyJadeWhite.MetaBallDemo;
				PRODUCT_NAME = "$(TARGET_NAME)";
			};
			name = Debug;
		};
		4CFD41D71F65998300E7B487 /* Release */ = {
			isa = XCBuildConfiguration;
			buildSettings = {
				ASSETCATALOG_COMPILER_APPICON_NAME = AppIcon;
				INFOPLIST_FILE = MetaBallDemo/Info.plist;
				LD_RUNPATH_SEARCH_PATHS = "$(inherited) @executable_path/Frameworks";
				PRODUCT_BUNDLE_IDENTIFIER = com.icyJadeWhite.MetaBallDemo;
				PRODUCT_NAME = "$(TARGET_NAME)";
			};
			name = Release;
		};
/* End XCBuildConfiguration section */

/* Begin XCConfigurationList section */
		4CFD41B91F65998300E7B487 /* Build configuration list for PBXProject "MetaBallDemo" */ = {
			isa = XCConfigurationList;
			buildConfigurations = (
				4CFD41D31F65998300E7B487 /* Debug */,
				4CFD41D41F65998300E7B487 /* Release */,
			);
			defaultConfigurationIsVisible = 0;
			defaultConfigurationName = Release;
		};
		4CFD41D51F65998300E7B487 /* Build configuration list for PBXNativeTarget "MetaBallDemo" */ = {
			isa = XCConfigurationList;
			buildConfigurations = (
				4CFD41D61F65998300E7B487 /* Debug */,
				4CFD41D71F65998300E7B487 /* Release */,
			);
			defaultConfigurationIsVisible = 0;
		};
/* End XCConfigurationList section */
	};
	rootObject = 4CFD41B61F65998300E7B487 /* Project object */;
}
